lockfileVersion: '6.0'

settings:
  autoInstallPeers: false
  excludeLinksFromLockfile: false

dependencies:
  gsap:
    specifier: ^3.15.0
    version: 3.15.0
  html-to-image:
    specifier: ^1.11.13
    version: 1.11.13
  react-zoom-pan-pinch:
    specifier: ^4.0.3
    version: 4.0.3

packages:

  /gsap@3.15.0:
    resolution: {integrity: sha512-dMW4CWBTUK1AEEDeZc1g4xpPGIrSf9fJF960qbTZmN/QwZIWY5wgliS6JWl9/25fpTGJrMRtSjGtOmPnfjZB+A==}
    dev: false

  /html-to-image@1.11.13:
    resolution: {integrity: sha512-cuOPoI7WApyhBElTTb9oqsawRvZ0rHhaHwghRLlTuffoD1B2aDemlCruLeZrUIIdvG7gs9xeELEPm6PhuASqrg==}
    dev: false

  /react-zoom-pan-pinch@4.0.3:
    resolution: {integrity: sha512-N2Hi6L78fFmhRra+ORpFSW7WST5x6kxpOPplIvtB0b7b+U2anpo1z1wLgaWRPS2kUSqcraRG+JgBCIlDJnqqAg==}
    engines: {node: '>=8', npm: '>=5'}
    peerDependencies:
      react: '*'
      react-dom: '*'
    dev: false
